
Microsoft Visual Studio Solution File, Format Version 12.00
# Visual Studio 15
VisualStudioVersion = 15.0.34031.82
MinimumVisualStudioVersion = 10.0.40219.1
Project("{8BC9CEB8-8B4A-11D0-8D11-00A0C91BC942}") = "3.19", "3.19\3.19.vcxproj", "{99DC55D8-7CB4-4287-B3CD-324245E06F22}"
EndProject
Global
	GlobalSection(SolutionConfigurationPlatforms) = preSolution
		Debug|x64 = Debug|x64
		Debug|x86 = Debug|x86
		Release|x64 = Release|x64
		Release|x86 = Release|x86
	EndGlobalSection
	GlobalSection(ProjectConfigurationPlatforms) = postSolution
		{99DC55D8-7CB4-4287-B3CD-324245E06F22}.Debug|x64.ActiveCfg = Debug|x64
		{99DC55D8-7CB4-4287-B3CD-324245E06F22}.Debug|x64.Build.0 = Debug|x64
		{99DC55D8-7CB4-4287-B3CD-324245E06F22}.Debug|x86.ActiveCfg = Debug|Win32
		{99DC55D8-7CB4-4287-B3CD-324245E06F22}.Debug|x86.Build.0 = Debug|Win32
		{99DC55D8-7CB4-4287-B3CD-324245E06F22}.Release|x64.ActiveCfg = Release|x64
		{99DC55D8-7CB4-4287-B3CD-324245E06F22}.Release|x64.Build.0 = Release|x64
		{99DC55D8-7CB4-4287-B3CD-324245E06F22}.Release|x86.ActiveCfg = Release|Win32
		{99DC55D8-7CB4-4287-B3CD-324245E06F22}.Release|x86.Build.0 = Release|Win32
	EndGlobalSection
	GlobalSection(SolutionProperties) = preSolution
		HideSolutionNode = FALSE
	EndGlobalSection
	GlobalSection(ExtensibilityGlobals) = postSolution
		SolutionGuid = {1BEA5D0D-AEA3-4068-A052-2D0157B6DA76}
	EndGlobalSection
EndGlobal
